
Microsoft Visual Studio Solution File, Format Version 12.00
# Visual Studio Version 17
VisualStudioVersion = 17.6.33829.357
MinimumVisualStudioVersion = 10.0.40219.1
Project("{FAE04EC0-301F-11D3-BF4B-00C04F79EFBC}") = "Lab-Routing", "Lab-Routing\Lab-Routing.csproj", "{250B7D3F-3C40-424D-8B3C-1D37A983819C}"
EndProject
Global
	GlobalSection(SolutionConfigurationPlatforms) = preSolution
		Debug|Any CPU = Debug|Any CPU
		Release|Any CPU = Release|Any CPU
	EndGlobalSection
	GlobalSection(ProjectConfigurationPlatforms) = postSolution
		{250B7D3F-3C40-424D-8B3C-1D37A983819C}.Debug|Any CPU.ActiveCfg = Debug|Any CPU
		{250B7D3F-3C40-424D-8B3C-1D37A983819C}.Debug|Any CPU.Build.0 = Debug|Any CPU
		{250B7D3F-3C40-424D-8B3C-1D37A983819C}.Release|Any CPU.ActiveCfg = Release|Any CPU
		{250B7D3F-3C40-424D-8B3C-1D37A983819C}.Release|Any CPU.Build.0 = Release|Any CPU
	EndGlobalSection
	GlobalSection(SolutionProperties) = preSolution
		HideSolutionNode = FALSE
	EndGlobalSection
	GlobalSection(ExtensibilityGlobals) = postSolution
		SolutionGuid = {47C73BE0-121C-46B6-9472-181EA8F99ECC}
	EndGlobalSection
EndGlobal
